# This file is generated by running "yarn install" inside your project.
# Manual changes might be lost - proceed with caution!

__metadata:
  version: 6
  cacheKey: 8

"@babel/runtime@npm:^7.21.0":
  version: 7.23.2
  resolution: "@babel/runtime@npm:7.23.2"
  dependencies:
    regenerator-runtime: ^0.14.0
  checksum: 6c4df4839ec75ca10175f636d6362f91df8a3137f86b38f6cd3a4c90668a0fe8e9281d320958f4fbd43b394988958585a17c3aab2a4ea6bf7316b22916a371fb
  languageName: node
  linkType: hard

"@cspotcode/source-map-support@npm:^0.8.0":
  version: 0.8.1
  resolution: "@cspotcode/source-map-support@npm:0.8.1"
  dependencies:
    "@jridgewell/trace-mapping": 0.3.9
  checksum: 5718f267085ed8edb3e7ef210137241775e607ee18b77d95aa5bd7514f47f5019aa2d82d96b3bf342ef7aa890a346fa1044532ff7cc3009e7d24fce3ce6200fa
  languageName: node
  linkType: hard

"@jridgewell/resolve-uri@npm:^3.0.3":
  version: 3.1.1
  resolution: "@jridgewell/resolve-uri@npm:3.1.1"
  checksum: f5b441fe7900eab4f9155b3b93f9800a916257f4e8563afbcd3b5a5337b55e52bd8ae6735453b1b745457d9f6cdb16d74cd6220bbdd98cf153239e13f6cbb653
  languageName: node
  linkType: hard

"@jridgewell/sourcemap-codec@npm:^1.4.10":
  version: 1.4.15
  resolution: "@jridgewell/sourcemap-codec@npm:1.4.15"
  checksum: b881c7e503db3fc7f3c1f35a1dd2655a188cc51a3612d76efc8a6eb74728bef5606e6758ee77423e564092b4a518aba569bbb21c9bac5ab7a35b0c6ae7e344c8
  languageName: node
  linkType: hard

"@jridgewell/trace-mapping@npm:0.3.9":
  version: 0.3.9
  resolution: "@jridgewell/trace-mapping@npm:0.3.9"
  dependencies:
    "@jridgewell/resolve-uri": ^3.0.3
    "@jridgewell/sourcemap-codec": ^1.4.10
  checksum: d89597752fd88d3f3480845691a05a44bd21faac18e2185b6f436c3b0fd0c5a859fbbd9aaa92050c4052caf325ad3e10e2e1d1b64327517471b7d51babc0ddef
  languageName: node
  linkType: hard

"@tsconfig/node10@npm:^1.0.7":
  version: 1.0.9
  resolution: "@tsconfig/node10@npm:1.0.9"
  checksum: a33ae4dc2a621c0678ac8ac4bceb8e512ae75dac65417a2ad9b022d9b5411e863c4c198b6ba9ef659e14b9fb609bbec680841a2e84c1172df7a5ffcf076539df
  languageName: node
  linkType: hard

"@tsconfig/node12@npm:^1.0.7":
  version: 1.0.11
  resolution: "@tsconfig/node12@npm:1.0.11"
  checksum: 5ce29a41b13e7897a58b8e2df11269c5395999e588b9a467386f99d1d26f6c77d1af2719e407621412520ea30517d718d5192a32403b8dfcc163bf33e40a338a
  languageName: node
  linkType: hard

"@tsconfig/node14@npm:^1.0.0":
  version: 1.0.3
  resolution: "@tsconfig/node14@npm:1.0.3"
  checksum: 19275fe80c4c8d0ad0abed6a96dbf00642e88b220b090418609c4376e1cef81bf16237bf170ad1b341452feddb8115d8dd2e5acdfdea1b27422071163dc9ba9d
  languageName: node
  linkType: hard

"@tsconfig/node16@npm:^1.0.2":
  version: 1.0.4
  resolution: "@tsconfig/node16@npm:1.0.4"
  checksum: 202319785901f942a6e1e476b872d421baec20cf09f4b266a1854060efbf78cde16a4d256e8bc949d31e6cd9a90f1e8ef8fb06af96a65e98338a2b6b0de0a0ff
  languageName: node
  linkType: hard

"acorn-walk@npm:^8.1.1":
  version: 8.3.0
  resolution: "acorn-walk@npm:8.3.0"
  checksum: 15ea56ab6529135be05e7d018f935ca80a572355dd3f6d3cd717e36df3346e0f635a93ae781b1c7942607693e2e5f3ef81af5c6fc697bbadcc377ebda7b7f5f6
  languageName: node
  linkType: hard

"acorn@npm:^8.4.1":
  version: 8.11.2
  resolution: "acorn@npm:8.11.2"
  bin:
    acorn: bin/acorn
  checksum: 818450408684da89423e3daae24e4dc9b68692db8ab49ea4569c7c5abb7a3f23669438bf129cc81dfdada95e1c9b944ee1bfca2c57a05a4dc73834a612fbf6a7
  languageName: node
  linkType: hard

"ansi-regex@npm:^5.0.1":
  version: 5.0.1
  resolution: "ansi-regex@npm:5.0.1"
  checksum: 2aa4bb54caf2d622f1afdad09441695af2a83aa3fe8b8afa581d205e57ed4261c183c4d3877cee25794443fde5876417d859c108078ab788d6af7e4fe52eb66b
  languageName: node
  linkType: hard

"ansi-styles@npm:^4.0.0, ansi-styles@npm:^4.1.0":
  version: 4.3.0
  resolution: "ansi-styles@npm:4.3.0"
  dependencies:
    color-convert: ^2.0.1
  checksum: 513b44c3b2105dd14cc42a19271e80f386466c4be574bccf60b627432f9198571ebf4ab1e4c3ba17347658f4ee1711c163d574248c0c1cdc2d5917a0ad582ec4
  languageName: node
  linkType: hard

"arg@npm:^4.1.0":
  version: 4.1.3
  resolution: "arg@npm:4.1.3"
  checksum: 544af8dd3f60546d3e4aff084d451b96961d2267d668670199692f8d054f0415d86fc5497d0e641e91546f0aa920e7c29e5250e99fc89f5552a34b5d93b77f43
  languageName: node
  linkType: hard

"async@npm:^2.6.4":
  version: 2.6.4
  resolution: "async@npm:2.6.4"
  dependencies:
    lodash: ^4.17.14
  checksum: a52083fb32e1ebe1d63e5c5624038bb30be68ff07a6c8d7dfe35e47c93fc144bd8652cbec869e0ac07d57dde387aa5f1386be3559cdee799cb1f789678d88e19
  languageName: node
  linkType: hard

"basic-auth@npm:^2.0.1":
  version: 2.0.1
  resolution: "basic-auth@npm:2.0.1"
  dependencies:
    safe-buffer: 5.1.2
  checksum: 3419b805d5dfc518f3a05dcf42aa53aa9ce820e50b6df5097f9e186322e1bc733c36722b624802cd37e791035aa73b828ed814d8362333d42d7f5cd04d7a5e48
  languageName: node
  linkType: hard

"call-bind@npm:^1.0.0":
  version: 1.0.5
  resolution: "call-bind@npm:1.0.5"
  dependencies:
    function-bind: ^1.1.2
    get-intrinsic: ^1.2.1
    set-function-length: ^1.1.1
  checksum: 449e83ecbd4ba48e7eaac5af26fea3b50f8f6072202c2dd7c5a6e7a6308f2421abe5e13a3bbd55221087f76320c5e09f25a8fdad1bab2b77c68ae74d92234ea5
  languageName: node
  linkType: hard

"chalk@npm:^4.1.2":
  version: 4.1.2
  resolution: "chalk@npm:4.1.2"
  dependencies:
    ansi-styles: ^4.1.0
    supports-color: ^7.1.0
  checksum: fe75c9d5c76a7a98d45495b91b2172fa3b7a09e0cc9370e5c8feb1c567b85c4288e2b3fded7cfdd7359ac28d6b3844feb8b82b8686842e93d23c827c417e83fc
  languageName: node
  linkType: hard

"cliui@npm:^8.0.1":
  version: 8.0.1
  resolution: "cliui@npm:8.0.1"
  dependencies:
    string-width: ^4.2.0
    strip-ansi: ^6.0.1
    wrap-ansi: ^7.0.0
  checksum: 79648b3b0045f2e285b76fb2e24e207c6db44323581e421c3acbd0e86454cba1b37aea976ab50195a49e7384b871e6dfb2247ad7dec53c02454ac6497394cb56
  languageName: node
  linkType: hard

"color-convert@npm:^2.0.1":
  version: 2.0.1
  resolution: "color-convert@npm:2.0.1"
  dependencies:
    color-name: ~1.1.4
  checksum: 79e6bdb9fd479a205c71d89574fccfb22bd9053bd98c6c4d870d65c132e5e904e6034978e55b43d69fcaa7433af2016ee203ce76eeba9cfa554b373e7f7db336
  languageName: node
  linkType: hard

"color-name@npm:~1.1.4":
  version: 1.1.4
  resolution: "color-name@npm:1.1.4"
  checksum: b0445859521eb4021cd0fb0cc1a75cecf67fceecae89b63f62b201cca8d345baf8b952c966862a9d9a2632987d4f6581f0ec8d957dfacece86f0a7919316f610
  languageName: node
  linkType: hard

"concurrently@npm:^8.2.2":
  version: 8.2.2
  resolution: "concurrently@npm:8.2.2"
  dependencies:
    chalk: ^4.1.2
    date-fns: ^2.30.0
    lodash: ^4.17.21
    rxjs: ^7.8.1
    shell-quote: ^1.8.1
    spawn-command: 0.0.2
    supports-color: ^8.1.1
    tree-kill: ^1.2.2
    yargs: ^17.7.2
  bin:
    conc: dist/bin/concurrently.js
    concurrently: dist/bin/concurrently.js
  checksum: 8ac774df06869773438f1bf91025180c52d5b53139bc86cf47659136c0d97461d0579c515d848d1e945d4e3e0cafe646b2ea18af8d74259b46abddcfe39b2c6c
  languageName: node
  linkType: hard

"corser@npm:^2.0.1":
  version: 2.0.1
  resolution: "corser@npm:2.0.1"
  checksum: 9ff6944eda760c8c3118747a636afc3ede53b41e7b9960513a15b88032209a728e630ae4b41e20a941e34da129fe9094d1f5d95123ef64ac2e16cdad8dce9c87
  languageName: node
  linkType: hard

"create-require@npm:^1.1.0":
  version: 1.1.1
  resolution: "create-require@npm:1.1.1"
  checksum: a9a1503d4390d8b59ad86f4607de7870b39cad43d929813599a23714831e81c520bddf61bcdd1f8e30f05fd3a2b71ae8538e946eb2786dc65c2bbc520f692eff
  languageName: node
  linkType: hard

"date-fns@npm:^2.30.0":
  version: 2.30.0
  resolution: "date-fns@npm:2.30.0"
  dependencies:
    "@babel/runtime": ^7.21.0
  checksum: f7be01523282e9bb06c0cd2693d34f245247a29098527d4420628966a2d9aad154bd0e90a6b1cf66d37adcb769cd108cf8a7bd49d76db0fb119af5cdd13644f4
  languageName: node
  linkType: hard

"debug@npm:^3.2.7":
  version: 3.2.7
  resolution: "debug@npm:3.2.7"
  dependencies:
    ms: ^2.1.1
  checksum: b3d8c5940799914d30314b7c3304a43305fd0715581a919dacb8b3176d024a782062368405b47491516d2091d6462d4d11f2f4974a405048094f8bfebfa3071c
  languageName: node
  linkType: hard

"define-data-property@npm:^1.1.1":
  version: 1.1.1
  resolution: "define-data-property@npm:1.1.1"
  dependencies:
    get-intrinsic: ^1.2.1
    gopd: ^1.0.1
    has-property-descriptors: ^1.0.0
  checksum: a29855ad3f0630ea82e3c5012c812efa6ca3078d5c2aa8df06b5f597c1cde6f7254692df41945851d903e05a1668607b6d34e778f402b9ff9ffb38111f1a3f0d
  languageName: node
  linkType: hard

"diff@npm:^4.0.1":
  version: 4.0.2
  resolution: "diff@npm:4.0.2"
  checksum: f2c09b0ce4e6b301c221addd83bf3f454c0bc00caa3dd837cf6c127d6edf7223aa2bbe3b688feea110b7f262adbfc845b757c44c8a9f8c0c5b15d8fa9ce9d20d
  languageName: node
  linkType: hard

"emoji-regex@npm:^8.0.0":
  version: 8.0.0
  resolution: "emoji-regex@npm:8.0.0"
  checksum: d4c5c39d5a9868b5fa152f00cada8a936868fd3367f33f71be515ecee4c803132d11b31a6222b2571b1e5f7e13890156a94880345594d0ce7e3c9895f560f192
  languageName: node
  linkType: hard

"escalade@npm:^3.1.1":
  version: 3.1.1
  resolution: "escalade@npm:3.1.1"
  checksum: a3e2a99f07acb74b3ad4989c48ca0c3140f69f923e56d0cba0526240ee470b91010f9d39001f2a4a313841d237ede70a729e92125191ba5d21e74b106800b133
  languageName: node
  linkType: hard

"eventemitter3@npm:^4.0.0":
  version: 4.0.7
  resolution: "eventemitter3@npm:4.0.7"
  checksum: 1875311c42fcfe9c707b2712c32664a245629b42bb0a5a84439762dd0fd637fc54d078155ea83c2af9e0323c9ac13687e03cfba79b03af9f40c89b4960099374
  languageName: node
  linkType: hard

"follow-redirects@npm:^1.0.0":
  version: 1.15.3
  resolution: "follow-redirects@npm:1.15.3"
  peerDependenciesMeta:
    debug:
      optional: true
  checksum: 584da22ec5420c837bd096559ebfb8fe69d82512d5585004e36a3b4a6ef6d5905780e0c74508c7b72f907d1fa2b7bd339e613859e9c304d0dc96af2027fd0231
  languageName: node
  linkType: hard

"function-bind@npm:^1.1.2":
  version: 1.1.2
  resolution: "function-bind@npm:1.1.2"
  checksum: 2b0ff4ce708d99715ad14a6d1f894e2a83242e4a52ccfcefaee5e40050562e5f6dafc1adbb4ce2d4ab47279a45dc736ab91ea5042d843c3c092820dfe032efb1
  languageName: node
  linkType: hard

"get-caller-file@npm:^2.0.5":
  version: 2.0.5
  resolution: "get-caller-file@npm:2.0.5"
  checksum: b9769a836d2a98c3ee734a88ba712e62703f1df31b94b784762c433c27a386dd6029ff55c2a920c392e33657d80191edbf18c61487e198844844516f843496b9
  languageName: node
  linkType: hard

"get-intrinsic@npm:^1.0.2, get-intrinsic@npm:^1.1.3, get-intrinsic@npm:^1.2.1, get-intrinsic@npm:^1.2.2":
  version: 1.2.2
  resolution: "get-intrinsic@npm:1.2.2"
  dependencies:
    function-bind: ^1.1.2
    has-proto: ^1.0.1
    has-symbols: ^1.0.3
    hasown: ^2.0.0
  checksum: 447ff0724df26829908dc033b62732359596fcf66027bc131ab37984afb33842d9cd458fd6cecadfe7eac22fd8a54b349799ed334cf2726025c921c7250e7417
  languageName: node
  linkType: hard

"gopd@npm:^1.0.1":
  version: 1.0.1
  resolution: "gopd@npm:1.0.1"
  dependencies:
    get-intrinsic: ^1.1.3
  checksum: a5ccfb8806e0917a94e0b3de2af2ea4979c1da920bc381667c260e00e7cafdbe844e2cb9c5bcfef4e5412e8bf73bab837285bc35c7ba73aaaf0134d4583393a6
  languageName: node
  linkType: hard

"has-flag@npm:^4.0.0":
  version: 4.0.0
  resolution: "has-flag@npm:4.0.0"
  checksum: 261a1357037ead75e338156b1f9452c016a37dcd3283a972a30d9e4a87441ba372c8b81f818cd0fbcd9c0354b4ae7e18b9e1afa1971164aef6d18c2b6095a8ad
  languageName: node
  linkType: hard

"has-property-descriptors@npm:^1.0.0":
  version: 1.0.1
  resolution: "has-property-descriptors@npm:1.0.1"
  dependencies:
    get-intrinsic: ^1.2.2
  checksum: 2bcc6bf6ec6af375add4e4b4ef586e43674850a91ad4d46666d0b28ba8e1fd69e424c7677d24d60f69470ad0afaa2f3197f508b20b0bb7dd99a8ab77ffc4b7c4
  languageName: node
  linkType: hard

"has-proto@npm:^1.0.1":
  version: 1.0.1
  resolution: "has-proto@npm:1.0.1"
  checksum: febc5b5b531de8022806ad7407935e2135f1cc9e64636c3916c6842bd7995994ca3b29871ecd7954bd35f9e2986c17b3b227880484d22259e2f8e6ce63fd383e
  languageName: node
  linkType: hard

"has-symbols@npm:^1.0.3":
  version: 1.0.3
  resolution: "has-symbols@npm:1.0.3"
  checksum: a054c40c631c0d5741a8285010a0777ea0c068f99ed43e5d6eb12972da223f8af553a455132fdb0801bdcfa0e0f443c0c03a68d8555aa529b3144b446c3f2410
  languageName: node
  linkType: hard

"hasown@npm:^2.0.0":
  version: 2.0.0
  resolution: "hasown@npm:2.0.0"
  dependencies:
    function-bind: ^1.1.2
  checksum: 6151c75ca12554565098641c98a40f4cc86b85b0fd5b6fe92360967e4605a4f9610f7757260b4e8098dd1c2ce7f4b095f2006fe72a570e3b6d2d28de0298c176
  languageName: node
  linkType: hard

"he@npm:^1.2.0":
  version: 1.2.0
  resolution: "he@npm:1.2.0"
  bin:
    he: bin/he
  checksum: 3d4d6babccccd79c5c5a3f929a68af33360d6445587d628087f39a965079d84f18ce9c3d3f917ee1e3978916fc833bb8b29377c3b403f919426f91bc6965e7a7
  languageName: node
  linkType: hard

"html-encoding-sniffer@npm:^3.0.0":
  version: 3.0.0
  resolution: "html-encoding-sniffer@npm:3.0.0"
  dependencies:
    whatwg-encoding: ^2.0.0
  checksum: 8d806aa00487e279e5ccb573366a951a9f68f65c90298eac9c3a2b440a7ffe46615aff2995a2f61c6746c639234e6179a97e18ca5ccbbf93d3725ef2099a4502
  languageName: node
  linkType: hard

"http-proxy@npm:^1.18.1":
  version: 1.18.1
  resolution: "http-proxy@npm:1.18.1"
  dependencies:
    eventemitter3: ^4.0.0
    follow-redirects: ^1.0.0
    requires-port: ^1.0.0
  checksum: f5bd96bf83e0b1e4226633dbb51f8b056c3e6321917df402deacec31dd7fe433914fc7a2c1831cf7ae21e69c90b3a669b8f434723e9e8b71fd68afe30737b6a5
  languageName: node
  linkType: hard

"http-server@npm:^14.1.1":
  version: 14.1.1
  resolution: "http-server@npm:14.1.1"
  dependencies:
    basic-auth: ^2.0.1
    chalk: ^4.1.2
    corser: ^2.0.1
    he: ^1.2.0
    html-encoding-sniffer: ^3.0.0
    http-proxy: ^1.18.1
    mime: ^1.6.0
    minimist: ^1.2.6
    opener: ^1.5.1
    portfinder: ^1.0.28
    secure-compare: 3.0.1
    union: ~0.5.0
    url-join: ^4.0.1
  bin:
    http-server: bin/http-server
  checksum: 4f9674289195eaf9f3e408e093d2080b0d4647559a32c9e7868639c327cab62efd0bb8bc9ded9a625d9ce982cbb03517d4472400af5ecf36eeb5b4fa62d113fe
  languageName: node
  linkType: hard

"iconv-lite@npm:0.6.3":
  version: 0.6.3
  resolution: "iconv-lite@npm:0.6.3"
  dependencies:
    safer-buffer: ">= 2.1.2 < 3.0.0"
  checksum: 3f60d47a5c8fc3313317edfd29a00a692cc87a19cac0159e2ce711d0ebc9019064108323b5e493625e25594f11c6236647d8e256fbe7a58f4a3b33b89e6d30bf
  languageName: node
  linkType: hard

"is-fullwidth-code-point@npm:^3.0.0":
  version: 3.0.0
  resolution: "is-fullwidth-code-point@npm:3.0.0"
  checksum: 44a30c29457c7fb8f00297bce733f0a64cd22eca270f83e58c105e0d015e45c019491a4ab2faef91ab51d4738c670daff901c799f6a700e27f7314029e99e348
  languageName: node
  linkType: hard

"lodash@npm:^4.17.14, lodash@npm:^4.17.21":
  version: 4.17.21
  resolution: "lodash@npm:4.17.21"
  checksum: eb835a2e51d381e561e508ce932ea50a8e5a68f4ebdd771ea240d3048244a8d13658acbd502cd4829768c56f2e16bdd4340b9ea141297d472517b83868e677f7
  languageName: node
  linkType: hard

"make-error@npm:^1.1.1":
  version: 1.3.6
  resolution: "make-error@npm:1.3.6"
  checksum: b86e5e0e25f7f777b77fabd8e2cbf15737972869d852a22b7e73c17623928fccb826d8e46b9951501d3f20e51ad74ba8c59ed584f610526a48f8ccf88aaec402
  languageName: node
  linkType: hard

"mime@npm:^1.6.0":
  version: 1.6.0
  resolution: "mime@npm:1.6.0"
  bin:
    mime: cli.js
  checksum: fef25e39263e6d207580bdc629f8872a3f9772c923c7f8c7e793175cee22777bbe8bba95e5d509a40aaa292d8974514ce634ae35769faa45f22d17edda5e8557
  languageName: node
  linkType: hard

"minimist@npm:^1.2.6":
  version: 1.2.8
  resolution: "minimist@npm:1.2.8"
  checksum: 75a6d645fb122dad29c06a7597bddea977258957ed88d7a6df59b5cd3fe4a527e253e9bbf2e783e4b73657f9098b96a5fe96ab8a113655d4109108577ecf85b0
  languageName: node
  linkType: hard

"mkdirp@npm:^0.5.6":
  version: 0.5.6
  resolution: "mkdirp@npm:0.5.6"
  dependencies:
    minimist: ^1.2.6
  bin:
    mkdirp: bin/cmd.js
  checksum: 0c91b721bb12c3f9af4b77ebf73604baf350e64d80df91754dc509491ae93bf238581e59c7188360cec7cb62fc4100959245a42cfe01834efedc5e9d068376c2
  languageName: node
  linkType: hard

"ms@npm:^2.1.1":
  version: 2.1.3
  resolution: "ms@npm:2.1.3"
  checksum: aa92de608021b242401676e35cfa5aa42dd70cbdc082b916da7fb925c542173e36bce97ea3e804923fe92c0ad991434e4a38327e15a1b5b5f945d66df615ae6d
  languageName: node
  linkType: hard

"object-inspect@npm:^1.9.0":
  version: 1.13.1
  resolution: "object-inspect@npm:1.13.1"
  checksum: 7d9fa9221de3311dcb5c7c307ee5dc011cdd31dc43624b7c184b3840514e118e05ef0002be5388304c416c0eb592feb46e983db12577fc47e47d5752fbbfb61f
  languageName: node
  linkType: hard

"opener@npm:^1.5.1":
  version: 1.5.2
  resolution: "opener@npm:1.5.2"
  bin:
    opener: bin/opener-bin.js
  checksum: 33b620c0d53d5b883f2abc6687dd1c5fd394d270dbe33a6356f2d71e0a2ec85b100d5bac94694198ccf5c30d592da863b2292c5539009c715a9c80c697b4f6cc
  languageName: node
  linkType: hard

"portfinder@npm:^1.0.28":
  version: 1.0.32
  resolution: "portfinder@npm:1.0.32"
  dependencies:
    async: ^2.6.4
    debug: ^3.2.7
    mkdirp: ^0.5.6
  checksum: 116b4aed1b9e16f6d5503823d966d9ffd41b1c2339e27f54c06cd2f3015a9d8ef53e2a53b57bc0a25af0885977b692007353aa28f9a0a98a44335cb50487240d
  languageName: node
  linkType: hard

"qs@npm:^6.4.0":
  version: 6.11.2
  resolution: "qs@npm:6.11.2"
  dependencies:
    side-channel: ^1.0.4
  checksum: e812f3c590b2262548647d62f1637b6989cc56656dc960b893fe2098d96e1bd633f36576f4cd7564dfbff9db42e17775884db96d846bebe4f37420d073ecdc0b
  languageName: node
  linkType: hard

"reactive@workspace:.":
  version: 0.0.0-use.local
  resolution: "reactive@workspace:."
  dependencies:
    concurrently: ^8.2.2
    http-server: ^14.1.1
    ts-node: ^10.9.1
    tsc: ^2.0.4
    typescript: ^5.2.2
  languageName: unknown
  linkType: soft

"regenerator-runtime@npm:^0.14.0":
  version: 0.14.0
  resolution: "regenerator-runtime@npm:0.14.0"
  checksum: 1c977ad82a82a4412e4f639d65d22be376d3ebdd30da2c003eeafdaaacd03fc00c2320f18120007ee700900979284fc78a9f00da7fb593f6e6eeebc673fba9a3
  languageName: node
  linkType: hard

"require-directory@npm:^2.1.1":
  version: 2.1.1
  resolution: "require-directory@npm:2.1.1"
  checksum: fb47e70bf0001fdeabdc0429d431863e9475e7e43ea5f94ad86503d918423c1543361cc5166d713eaa7029dd7a3d34775af04764bebff99ef413111a5af18c80
  languageName: node
  linkType: hard

"requires-port@npm:^1.0.0":
  version: 1.0.0
  resolution: "requires-port@npm:1.0.0"
  checksum: eee0e303adffb69be55d1a214e415cf42b7441ae858c76dfc5353148644f6fd6e698926fc4643f510d5c126d12a705e7c8ed7e38061113bdf37547ab356797ff
  languageName: node
  linkType: hard

"rxjs@npm:^7.8.1":
  version: 7.8.1
  resolution: "rxjs@npm:7.8.1"
  dependencies:
    tslib: ^2.1.0
  checksum: de4b53db1063e618ec2eca0f7965d9137cabe98cf6be9272efe6c86b47c17b987383df8574861bcced18ebd590764125a901d5506082be84a8b8e364bf05f119
  languageName: node
  linkType: hard

"safe-buffer@npm:5.1.2":
  version: 5.1.2
  resolution: "safe-buffer@npm:5.1.2"
  checksum: f2f1f7943ca44a594893a852894055cf619c1fbcb611237fc39e461ae751187e7baf4dc391a72125e0ac4fb2d8c5c0b3c71529622e6a58f46b960211e704903c
  languageName: node
  linkType: hard

"safer-buffer@npm:>= 2.1.2 < 3.0.0":
  version: 2.1.2
  resolution: "safer-buffer@npm:2.1.2"
  checksum: cab8f25ae6f1434abee8d80023d7e72b598cf1327164ddab31003c51215526801e40b66c5e65d658a0af1e9d6478cadcb4c745f4bd6751f97d8644786c0978b0
  languageName: node
  linkType: hard

"secure-compare@npm:3.0.1":
  version: 3.0.1
  resolution: "secure-compare@npm:3.0.1"
  checksum: 0a8d8d3e54d5772d2cf1c02325f01fc7366d0bd33f964a08a84fe3ee5f34d46435a6ae729c1d239c750e160ef9b58c764d3efb945a1d07faf47978a8e4161594
  languageName: node
  linkType: hard

"set-function-length@npm:^1.1.1":
  version: 1.1.1
  resolution: "set-function-length@npm:1.1.1"
  dependencies:
    define-data-property: ^1.1.1
    get-intrinsic: ^1.2.1
    gopd: ^1.0.1
    has-property-descriptors: ^1.0.0
  checksum: c131d7569cd7e110cafdfbfbb0557249b538477624dfac4fc18c376d879672fa52563b74029ca01f8f4583a8acb35bb1e873d573a24edb80d978a7ee607c6e06
  languageName: node
  linkType: hard

"shell-quote@npm:^1.8.1":
  version: 1.8.1
  resolution: "shell-quote@npm:1.8.1"
  checksum: 5f01201f4ef504d4c6a9d0d283fa17075f6770bfbe4c5850b074974c68062f37929ca61700d95ad2ac8822e14e8c4b990ca0e6e9272e64befd74ce5e19f0736b
  languageName: node
  linkType: hard

"side-channel@npm:^1.0.4":
  version: 1.0.4
  resolution: "side-channel@npm:1.0.4"
  dependencies:
    call-bind: ^1.0.0
    get-intrinsic: ^1.0.2
    object-inspect: ^1.9.0
  checksum: 351e41b947079c10bd0858364f32bb3a7379514c399edb64ab3dce683933483fc63fb5e4efe0a15a2e8a7e3c436b6a91736ddb8d8c6591b0460a24bb4a1ee245
  languageName: node
  linkType: hard

"spawn-command@npm:0.0.2":
  version: 0.0.2
  resolution: "spawn-command@npm:0.0.2"
  checksum: e35c5d28177b4d461d33c88cc11f6f3a5079e2b132c11e1746453bbb7a0c0b8a634f07541a2a234fa4758239d88203b758def509161b651e81958894c0b4b64b
  languageName: node
  linkType: hard

"string-width@npm:^4.1.0, string-width@npm:^4.2.0, string-width@npm:^4.2.3":
  version: 4.2.3
  resolution: "string-width@npm:4.2.3"
  dependencies:
    emoji-regex: ^8.0.0
    is-fullwidth-code-point: ^3.0.0
    strip-ansi: ^6.0.1
  checksum: e52c10dc3fbfcd6c3a15f159f54a90024241d0f149cf8aed2982a2d801d2e64df0bf1dc351cf8e95c3319323f9f220c16e740b06faecd53e2462df1d2b5443fb
  languageName: node
  linkType: hard

"strip-ansi@npm:^6.0.0, strip-ansi@npm:^6.0.1":
  version: 6.0.1
  resolution: "strip-ansi@npm:6.0.1"
  dependencies:
    ansi-regex: ^5.0.1
  checksum: f3cd25890aef3ba6e1a74e20896c21a46f482e93df4a06567cebf2b57edabb15133f1f94e57434e0a958d61186087b1008e89c94875d019910a213181a14fc8c
  languageName: node
  linkType: hard

"supports-color@npm:^7.1.0":
  version: 7.2.0
  resolution: "supports-color@npm:7.2.0"
  dependencies:
    has-flag: ^4.0.0
  checksum: 3dda818de06ebbe5b9653e07842d9479f3555ebc77e9a0280caf5a14fb877ffee9ed57007c3b78f5a6324b8dbeec648d9e97a24e2ed9fdb81ddc69ea07100f4a
  languageName: node
  linkType: hard

"supports-color@npm:^8.1.1":
  version: 8.1.1
  resolution: "supports-color@npm:8.1.1"
  dependencies:
    has-flag: ^4.0.0
  checksum: c052193a7e43c6cdc741eb7f378df605636e01ad434badf7324f17fb60c69a880d8d8fcdcb562cf94c2350e57b937d7425ab5b8326c67c2adc48f7c87c1db406
  languageName: node
  linkType: hard

"tree-kill@npm:^1.2.2":
  version: 1.2.2
  resolution: "tree-kill@npm:1.2.2"
  bin:
    tree-kill: cli.js
  checksum: 49117f5f410d19c84b0464d29afb9642c863bc5ba40fcb9a245d474c6d5cc64d1b177a6e6713129eb346b40aebb9d4631d967517f9fbe8251c35b21b13cd96c7
  languageName: node
  linkType: hard

"ts-node@npm:^10.9.1":
  version: 10.9.1
  resolution: "ts-node@npm:10.9.1"
  dependencies:
    "@cspotcode/source-map-support": ^0.8.0
    "@tsconfig/node10": ^1.0.7
    "@tsconfig/node12": ^1.0.7
    "@tsconfig/node14": ^1.0.0
    "@tsconfig/node16": ^1.0.2
    acorn: ^8.4.1
    acorn-walk: ^8.1.1
    arg: ^4.1.0
    create-require: ^1.1.0
    diff: ^4.0.1
    make-error: ^1.1.1
    v8-compile-cache-lib: ^3.0.1
    yn: 3.1.1
  peerDependencies:
    "@swc/core": ">=1.2.50"
    "@swc/wasm": ">=1.2.50"
    "@types/node": "*"
    typescript: ">=2.7"
  peerDependenciesMeta:
    "@swc/core":
      optional: true
    "@swc/wasm":
      optional: true
  bin:
    ts-node: dist/bin.js
    ts-node-cwd: dist/bin-cwd.js
    ts-node-esm: dist/bin-esm.js
    ts-node-script: dist/bin-script.js
    ts-node-transpile-only: dist/bin-transpile.js
    ts-script: dist/bin-script-deprecated.js
  checksum: 090adff1302ab20bd3486e6b4799e90f97726ed39e02b39e566f8ab674fd5bd5f727f43615debbfc580d33c6d9d1c6b1b3ce7d8e3cca3e20530a145ffa232c35
  languageName: node
  linkType: hard

"tsc@npm:^2.0.4":
  version: 2.0.4
  resolution: "tsc@npm:2.0.4"
  bin:
    tsc: bin/tsc
  checksum: 50b10240887424c66454687f0fca4e319713b35cb44f0dab228719eb4dd757251f83c3d79e60d29dfbe90c2d6f1272f793b83e75a9fca2c622b4213ad3eb8cb1
  languageName: node
  linkType: hard

"tslib@npm:^2.1.0":
  version: 2.6.2
  resolution: "tslib@npm:2.6.2"
  checksum: 329ea56123005922f39642318e3d1f0f8265d1e7fcb92c633e0809521da75eeaca28d2cf96d7248229deb40e5c19adf408259f4b9640afd20d13aecc1430f3ad
  languageName: node
  linkType: hard

"typescript@npm:^5.2.2":
  version: 5.2.2
  resolution: "typescript@npm:5.2.2"
  bin:
    tsc: bin/tsc
    tsserver: bin/tsserver
  checksum: 7912821dac4d962d315c36800fe387cdc0a6298dba7ec171b350b4a6e988b51d7b8f051317786db1094bd7431d526b648aba7da8236607febb26cf5b871d2d3c
  languageName: node
  linkType: hard

"typescript@patch:typescript@^5.2.2#~builtin<compat/typescript>":
  version: 5.2.2
  resolution: "typescript@patch:typescript@npm%3A5.2.2#~builtin<compat/typescript>::version=5.2.2&hash=f3b441"
  bin:
    tsc: bin/tsc
    tsserver: bin/tsserver
  checksum: 0f4da2f15e6f1245e49db15801dbee52f2bbfb267e1c39225afdab5afee1a72839cd86000e65ee9d7e4dfaff12239d28beaf5ee431357fcced15fb08583d72ca
  languageName: node
  linkType: hard

"union@npm:~0.5.0":
  version: 0.5.0
  resolution: "union@npm:0.5.0"
  dependencies:
    qs: ^6.4.0
  checksum: 021530d02363fb7470ce45d4cb06ae28a97d5a245666e6d0fca6bab0673bea8c7988e7d2f8046acfbab120908cedcb099ca216b357d4483bcd96518b39101be0
  languageName: node
  linkType: hard

"url-join@npm:^4.0.1":
  version: 4.0.1
  resolution: "url-join@npm:4.0.1"
  checksum: f74e868bf25dbc8be6a8d7237d4c36bb5b6c62c72e594d5ab1347fe91d6af7ccd9eb5d621e30152e4da45c2e9a26bec21390e911ab54a62d4d82e76028374ee5
  languageName: node
  linkType: hard

"v8-compile-cache-lib@npm:^3.0.1":
  version: 3.0.1
  resolution: "v8-compile-cache-lib@npm:3.0.1"
  checksum: 78089ad549e21bcdbfca10c08850022b22024cdcc2da9b168bcf5a73a6ed7bf01a9cebb9eac28e03cd23a684d81e0502797e88f3ccd27a32aeab1cfc44c39da0
  languageName: node
  linkType: hard

"whatwg-encoding@npm:^2.0.0":
  version: 2.0.0
  resolution: "whatwg-encoding@npm:2.0.0"
  dependencies:
    iconv-lite: 0.6.3
  checksum: 7087810c410aa9b689cbd6af8773341a53cdc1f3aae2a882c163bd5522ec8ca4cdfc269aef417a5792f411807d5d77d50df4c24e3abb00bb60192858a40cc675
  languageName: node
  linkType: hard

"wrap-ansi@npm:^7.0.0":
  version: 7.0.0
  resolution: "wrap-ansi@npm:7.0.0"
  dependencies:
    ansi-styles: ^4.0.0
    string-width: ^4.1.0
    strip-ansi: ^6.0.0
  checksum: a790b846fd4505de962ba728a21aaeda189b8ee1c7568ca5e817d85930e06ef8d1689d49dbf0e881e8ef84436af3a88bc49115c2e2788d841ff1b8b5b51a608b
  languageName: node
  linkType: hard

"y18n@npm:^5.0.5":
  version: 5.0.8
  resolution: "y18n@npm:5.0.8"
  checksum: 54f0fb95621ee60898a38c572c515659e51cc9d9f787fb109cef6fde4befbe1c4602dc999d30110feee37456ad0f1660fa2edcfde6a9a740f86a290999550d30
  languageName: node
  linkType: hard

"yargs-parser@npm:^21.1.1":
  version: 21.1.1
  resolution: "yargs-parser@npm:21.1.1"
  checksum: ed2d96a616a9e3e1cc7d204c62ecc61f7aaab633dcbfab2c6df50f7f87b393993fe6640d017759fe112d0cb1e0119f2b4150a87305cc873fd90831c6a58ccf1c
  languageName: node
  linkType: hard

"yargs@npm:^17.7.2":
  version: 17.7.2
  resolution: "yargs@npm:17.7.2"
  dependencies:
    cliui: ^8.0.1
    escalade: ^3.1.1
    get-caller-file: ^2.0.5
    require-directory: ^2.1.1
    string-width: ^4.2.3
    y18n: ^5.0.5
    yargs-parser: ^21.1.1
  checksum: 73b572e863aa4a8cbef323dd911d79d193b772defd5a51aab0aca2d446655216f5002c42c5306033968193bdbf892a7a4c110b0d77954a7fdf563e653967b56a
  languageName: node
  linkType: hard

"yn@npm:3.1.1":
  version: 3.1.1
  resolution: "yn@npm:3.1.1"
  checksum: 2c487b0e149e746ef48cda9f8bad10fc83693cd69d7f9dcd8be4214e985de33a29c9e24f3c0d6bcf2288427040a8947406ab27f7af67ee9456e6b84854f02dd6
  languageName: node
  linkType: hard
